
Microsoft Visual Studio Solution File, Format Version 12.00
# Visual Studio 15
VisualStudioVersion = 15.0.28010.2046
MinimumVisualStudioVersion = 10.0.40219.1
Project("{FAE04EC0-301F-11D3-BF4B-00C04F79EFBC}") = "QLCamera", "QLCamera\QLCamera.csproj", "{DBB8F78C-238F-4804-A0FC-10B3E459C09A}"
EndProject
Project("{FAE04EC0-301F-11D3-BF4B-00C04F79EFBC}") = "DTO", "DTO\DTO.csproj", "{C99F8DAC-D2FB-4E13-83BC-A359A603739E}"
EndProject
Project("{FAE04EC0-301F-11D3-BF4B-00C04F79EFBC}") = "DAO", "DAO\DAO.csproj", "{23B2CBB5-A515-4493-BDDD-7B3B223A623E}"
EndProject
Project("{FAE04EC0-301F-11D3-BF4B-00C04F79EFBC}") = "BUS", "BUS\BUS.csproj", "{F5D6E03E-CD8E-4F09-97D8-C2A24444ED8A}"
EndProject
Project("{FAE04EC0-301F-11D3-BF4B-00C04F79EFBC}") = "UnitTest_QLCamera", "UnitTest_QLCamera\UnitTest_QLCamera.csproj", "{F20E7B73-D41F-4472-9DB3-272259C50A2A}"
EndProject
Global
	GlobalSection(SolutionConfigurationPlatforms) = preSolution
		Debug|Any CPU = Debug|Any CPU
		Release|Any CPU = Release|Any CPU
	EndGlobalSection
	GlobalSection(ProjectConfigurationPlatforms) = postSolution
		{DBB8F78C-238F-4804-A0FC-10B3E459C09A}.Debug|Any CPU.ActiveCfg = Debug|Any CPU
		{DBB8F78C-238F-4804-A0FC-10B3E459C09A}.Debug|Any CPU.Build.0 = Debug|Any CPU
		{DBB8F78C-238F-4804-A0FC-10B3E459C09A}.Release|Any CPU.ActiveCfg = Release|Any CPU
		{DBB8F78C-238F-4804-A0FC-10B3E459C09A}.Release|Any CPU.Build.0 = Release|Any CPU
		{C99F8DAC-D2FB-4E13-83BC-A359A603739E}.Debug|Any CPU.ActiveCfg = Debug|Any CPU
		{C99F8DAC-D2FB-4E13-83BC-A359A603739E}.Debug|Any CPU.Build.0 = Debug|Any CPU
		{C99F8DAC-D2FB-4E13-83BC-A359A603739E}.Release|Any CPU.ActiveCfg = Release|Any CPU
		{C99F8DAC-D2FB-4E13-83BC-A359A603739E}.Release|Any CPU.Build.0 = Release|Any CPU
		{23B2CBB5-A515-4493-BDDD-7B3B223A623E}.Debug|Any CPU.ActiveCfg = Debug|Any CPU
		{23B2CBB5-A515-4493-BDDD-7B3B223A623E}.Debug|Any CPU.Build.0 = Debug|Any CPU
		{23B2CBB5-A515-4493-BDDD-7B3B223A623E}.Release|Any CPU.ActiveCfg = Release|Any CPU
		{23B2CBB5-A515-4493-BDDD-7B3B223A623E}.Release|Any CPU.Build.0 = Release|Any CPU
		{F5D6E03E-CD8E-4F09-97D8-C2A24444ED8A}.Debug|Any CPU.ActiveCfg = Debug|Any CPU
		{F5D6E03E-CD8E-4F09-97D8-C2A24444ED8A}.Debug|Any CPU.Build.0 = Debug|Any CPU
		{F5D6E03E-CD8E-4F09-97D8-C2A24444ED8A}.Release|Any CPU.ActiveCfg = Release|Any CPU
		{F5D6E03E-CD8E-4F09-97D8-C2A24444ED8A}.Release|Any CPU.Build.0 = Release|Any CPU
		{F20E7B73-D41F-4472-9DB3-272259C50A2A}.Debug|Any CPU.ActiveCfg = Debug|Any CPU
		{F20E7B73-D41F-4472-9DB3-272259C50A2A}.Debug|Any CPU.Build.0 = Debug|Any CPU
		{F20E7B73-D41F-4472-9DB3-272259C50A2A}.Release|Any CPU.ActiveCfg = Release|Any CPU
		{F20E7B73-D41F-4472-9DB3-272259C50A2A}.Release|Any CPU.Build.0 = Release|Any CPU
	EndGlobalSection
	GlobalSection(SolutionProperties) = preSolution
		HideSolutionNode = FALSE
	EndGlobalSection
	GlobalSection(ExtensibilityGlobals) = postSolution
		SolutionGuid = {178C93D7-C08F-41B1-AE9F-4D0BC2DCE709}
	EndGlobalSection
EndGlobal
